// !$*UTF8*$!
{
	archiveVersion = 1;
	classes = {
	};
	objectVersion = 50;
	objects = {

/* Begin PBXBuildFile section */
		188FFEE322B80C6E00D236AB /* AppDelegate.swift in Sources */ = {isa = PBXBuildFile; fileRef = 188FFEE222B80C6E00D236AB /* AppDelegate.swift */; };
		188FFEE522B80C6F00D236AB /* ViewController.swift in Sources */ = {isa = PBXBuildFile; fileRef = 188FFEE422B80C6F00D236AB /* ViewController.swift */; };
		188FFEE822B80C6F00D236AB /* Main.storyboard in Resources */ = {isa = PBXBuildFile; fileRef = 188FFEE622B80C6F00D236AB /* Main.storyboard */; };
		188FFEEA22B80C7300D236AB /* Assets.xcassets in Resources */ = {isa = PBXBuildFile; fileRef = 188FFEE922B80C7300D236AB /* Assets.xcassets */; };
		188FFEED22B80C7300D236AB /* LaunchScreen.storyboard in Resources */ = {isa = PBXBuildFile; fileRef = 188FFEEB22B80C7300D236AB /* LaunchScreen.storyboard */; };
		188FFEF822B80C7300D236AB /* git_practiceTests.swift in Sources */ = {isa = PBXBuildFile; fileRef = 188FFEF722B80C7300D236AB /* git_practiceTests.swift */; };
		188FFF0322B80C7300D236AB /* git_practiceUITests.swift in Sources */ = {isa = PBXBuildFile; fileRef = 188FFF0222B80C7300D236AB /* git_practiceUITests.swift */; };
/* End PBXBuildFile section */

/* Begin PBXContainerItemProxy section */
		188FFEF422B80C7300D236AB /* PBXContainerItemProxy */ = {
			isa = PBXContainerItemProxy;
			containerPortal = 188FFED722B80C6E00D236AB /* Project object */;
			proxyType = 1;
			remoteGlobalIDString = 188FFEDE22B80C6E00D236AB;
			remoteInfo = "git-practice";
		};
		188FFEFF22B80C7300D236AB /* PBXContainerItemProxy */ = {
			isa = PBXContainerItemProxy;
			containerPortal = 188FFED722B80C6E00D236AB /* Project object */;
			proxyType = 1;
			remoteGlobalIDString = 188FFEDE22B80C6E00D236AB;
			remoteInfo = "git-practice";
		};
/* End PBXContainerItemProxy section */

/* Begin PBXFileReference section */
		188FFEDF22B80C6E00D236AB /* git-practice.app */ = {isa = PBXFileReference; explicitFileType = wrapper.application; includeInIndex = 0; path = "git-practice.app"; sourceTree = BUILT_PRODUCTS_DIR; };
		188FFEE222B80C6E00D236AB /* AppDelegate.swift */ = {isa = PBXFileReference; lastKnownFileType = sourcecode.swift; path = AppDelegate.swift; sourceTree = "<group>"; };
		188FFEE422B80C6F00D236AB /* ViewController.swift */ = {isa = PBXFileReference; lastKnownFileType = sourcecode.swift; path = ViewController.swift; sourceTree = "<group>"; };
		188FFEE722B80C6F00D236AB /* Base */ = {isa = PBXFileReference; lastKnownFileType = file.storyboard; name = Base; path = Base.lproj/Main.storyboard; sourceTree = "<group>"; };
		188FFEE922B80C7300D236AB /* Assets.xcassets */ = {isa = PBXFileReference; lastKnownFileType = folder.assetcatalog; path = Assets.xcassets; sourceTree = "<group>"; };
		188FFEEC22B80C7300D236AB /* Base */ = {isa = PBXFileReference; lastKnownFileType = file.storyboard; name = Base; path = Base.lproj/LaunchScreen.storyboard; sourceTree = "<group>"; };
		188FFEEE22B80C7300D236AB /* Info.plist */ = {isa = PBXFileReference; lastKnownFileType = text.plist.xml; path = Info.plist; sourceTree = "<group>"; };
		188FFEF322B80C7300D236AB /* git-practiceTests.xctest */ = {isa = PBXFileReference; explicitFileType = wrapper.cfbundle; includeInIndex = 0; path = "git-practiceTests.xctest"; sourceTree = BUILT_PRODUCTS_DIR; };
		188FFEF722B80C7300D236AB /* git_practiceTests.swift */ = {isa = PBXFileReference; lastKnownFileType = sourcecode.swift; path = git_practiceTests.swift; sourceTree = "<group>"; };
		188FFEF922B80C7300D236AB /* Info.plist */ = {isa = PBXFileReference; lastKnownFileType = text.plist.xml; path = Info.plist; sourceTree = "<group>"; };
		188FFEFE22B80C7300D236AB /* git-practiceUITests.xctest */ = {isa = PBXFileReference; explicitFileType = wrapper.cfbundle; includeInIndex = 0; path = "git-practiceUITests.xctest"; sourceTree = BUILT_PRODUCTS_DIR; };
		188FFF0222B80C7300D236AB /* git_practiceUITests.swift */ = {isa = PBXFileReference; lastKnownFileType = sourcecode.swift; path = git_practiceUITests.swift; sourceTree = "<group>"; };
		188FFF0422B80C7300D236AB /* Info.plist */ = {isa = PBXFileReference; lastKnownFileType = text.plist.xml; path = Info.plist; sourceTree = "<group>"; };
/* End PBXFileReference section */

/* Begin PBXFrameworksBuildPhase section */
		188FFEDC22B80C6E00D236AB /* Frameworks */ = {
			isa = PBXFrameworksBuildPhase;
			buildActionMask = 2147483647;
			files = (
			);
			runOnlyForDeploymentPostprocessing = 0;
		};
		188FFEF022B80C7300D236AB /* Frameworks */ = {
			isa = PBXFrameworksBuildPhase;
			buildActionMask = 2147483647;
			files = (
			);
			runOnlyForDeploymentPostprocessing = 0;
		};
		188FFEFB22B80C7300D236AB /* Frameworks */ = {
			isa = PBXFrameworksBuildPhase;
			buildActionMask = 2147483647;
			files = (
			);
			runOnlyForDeploymentPostprocessing = 0;
		};
/* End PBXFrameworksBuildPhase section */

/* Begin PBXGroup section */
		188FFED622B80C6E00D236AB = {
			isa = PBXGroup;
			children = (
				188FFEE122B80C6E00D236AB /* git-practice */,
				188FFEF622B80C7300D236AB /* git-practiceTests */,
				188FFF0122B80C7300D236AB /* git-practiceUITests */,
				188FFEE022B80C6E00D236AB /* Products */,
			);
			sourceTree = "<group>";
		};
		188FFEE022B80C6E00D236AB /* Products */ = {
			isa = PBXGroup;
			children = (
				188FFEDF22B80C6E00D236AB /* git-practice.app */,
				188FFEF322B80C7300D236AB /* git-practiceTests.xctest */,
				188FFEFE22B80C7300D236AB /* git-practiceUITests.xctest */,
			);
			name = Products;
			sourceTree = "<group>";
		};
		188FFEE122B80C6E00D236AB /* git-practice */ = {
			isa = PBXGroup;
			children = (
				188FFEE222B80C6E00D236AB /* AppDelegate.swift */,
				188FFEE422B80C6F00D236AB /* ViewController.swift */,
				188FFEE622B80C6F00D236AB /* Main.storyboard */,
				188FFEE922B80C7300D236AB /* Assets.xcassets */,
				188FFEEB22B80C7300D236AB /* LaunchScreen.storyboard */,
				188FFEEE22B80C7300D236AB /* Info.plist */,
			);
			path = "git-practice";
			sourceTree = "<group>";
		};
		188FFEF622B80C7300D236AB /* git-practiceTests */ = {
			isa = PBXGroup;
			children = (
				188FFEF722B80C7300D236AB /* git_practiceTests.swift */,
				188FFEF922B80C7300D236AB /* Info.plist */,
			);
			path = "git-practiceTests";
			sourceTree = "<group>";
		};
		188FFF0122B80C7300D236AB /* git-practiceUITests */ = {
			isa = PBXGroup;
			children = (
				188FFF0222B80C7300D236AB /* git_practiceUITests.swift */,
				188FFF0422B80C7300D236AB /* Info.plist */,
			);
			path = "git-practiceUITests";
			sourceTree = "<group>";
		};
/* End PBXGroup section */

/* Begin PBXNativeTarget section */
		188FFEDE22B80C6E00D236AB /* git-practice */ = {
			isa = PBXNativeTarget;
			buildConfigurationList = 188FFF0722B80C7300D236AB /* Build configuration list for PBXNativeTarget "git-practice" */;
			buildPhases = (
				188FFEDB22B80C6E00D236AB /* Sources */,
				188FFEDC22B80C6E00D236AB /* Frameworks */,
				188FFEDD22B80C6E00D236AB /* Resources */,
			);
			buildRules = (
			);
			dependencies = (
			);
			name = "git-practice";
			productName = "git-practice";
			productReference = 188FFEDF22B80C6E00D236AB /* git-practice.app */;
			productType = "com.apple.product-type.application";
		};
		188FFEF222B80C7300D236AB /* git-practiceTests */ = {
			isa = PBXNativeTarget;
			buildConfigurationList = 188FFF0A22B80C7300D236AB /* Build configuration list for PBXNativeTarget "git-practiceTests" */;
			buildPhases = (
				188FFEEF22B80C7300D236AB /* Sources */,
				188FFEF022B80C7300D236AB /* Frameworks */,
				188FFEF122B80C7300D236AB /* Resources */,
			);
			buildRules = (
			);
			dependencies = (
				188FFEF522B80C7300D236AB /* PBXTargetDependency */,
			);
			name = "git-practiceTests";
			productName = "git-practiceTests";
			productReference = 188FFEF322B80C7300D236AB /* git-practiceTests.xctest */;
			productType = "com.apple.product-type.bundle.unit-test";
		};
		188FFEFD22B80C7300D236AB /* git-practiceUITests */ = {
			isa = PBXNativeTarget;
			buildConfigurationList = 188FFF0D22B80C7300D236AB /* Build configuration list for PBXNativeTarget "git-practiceUITests" */;
			buildPhases = (
				188FFEFA22B80C7300D236AB /* Sources */,
				188FFEFB22B80C7300D236AB /* Frameworks */,
				188FFEFC22B80C7300D236AB /* Resources */,
			);
			buildRules = (
			);
			dependencies = (
				188FFF0022B80C7300D236AB /* PBXTargetDependency */,
			);
			name = "git-practiceUITests";
			productName = "git-practiceUITests";
			productReference = 188FFEFE22B80C7300D236AB /* git-practiceUITests.xctest */;
			productType = "com.apple.product-type.bundle.ui-testing";
		};
/* End PBXNativeTarget section */

/* Begin PBXProject section */
		188FFED722B80C6E00D236AB /* Project object */ = {
			isa = PBXProject;
			attributes = {
				LastSwiftUpdateCheck = 1020;
				LastUpgradeCheck = 1020;
				ORGANIZATIONNAME = Apple;
				TargetAttributes = {
					188FFEDE22B80C6E00D236AB = {
						CreatedOnToolsVersion = 10.2.1;
					};
					188FFEF222B80C7300D236AB = {
						CreatedOnToolsVersion = 10.2.1;
						TestTargetID = 188FFEDE22B80C6E00D236AB;
					};
					188FFEFD22B80C7300D236AB = {
						CreatedOnToolsVersion = 10.2.1;
						TestTargetID = 188FFEDE22B80C6E00D236AB;
					};
				};
			};
			buildConfigurationList = 188FFEDA22B80C6E00D236AB /* Build configuration list for PBXProject "git-practice" */;
			compatibilityVersion = "Xcode 9.3";
			developmentRegion = en;
			hasScannedForEncodings = 0;
			knownRegions = (
				en,
				Base,
			);
			mainGroup = 188FFED622B80C6E00D236AB;
			productRefGroup = 188FFEE022B80C6E00D236AB /* Products */;
			projectDirPath = "";
			projectRoot = "";
			targets = (
				188FFEDE22B80C6E00D236AB /* git-practice */,
				188FFEF222B80C7300D236AB /* git-practiceTests */,
				188FFEFD22B80C7300D236AB /* git-practiceUITests */,
			);
		};
/* End PBXProject section */

/* Begin PBXResourcesBuildPhase section */
		188FFEDD22B80C6E00D236AB /* Resources */ = {
			isa = PBXResourcesBuildPhase;
			buildActionMask = 2147483647;
			files = (
				188FFEED22B80C7300D236AB /* LaunchScreen.storyboard in Resources */,
				188FFEEA22B80C7300D236AB /* Assets.xcassets in Resources */,
				188FFEE822B80C6F00D236AB /* Main.storyboard in Resources */,
			);
			runOnlyForDeploymentPostprocessing = 0;
		};
		188FFEF122B80C7300D236AB /* Resources */ = {
			isa = PBXResourcesBuildPhase;
			buildActionMask = 2147483647;
			files = (
			);
			runOnlyForDeploymentPostprocessing = 0;
		};
		188FFEFC22B80C7300D236AB /* Resources */ = {
			isa = PBXResourcesBuildPhase;
			buildActionMask = 2147483647;
			files = (
			);
			runOnlyForDeploymentPostprocessing = 0;
		};
/* End PBXResourcesBuildPhase section */

/* Begin PBXSourcesBuildPhase section */
		188FFEDB22B80C6E00D236AB /* Sources */ = {
			isa = PBXSourcesBuildPhase;
			buildActionMask = 2147483647;
			files = (
				188FFEE522B80C6F00D236AB /* ViewController.swift in Sources */,
				188FFEE322B80C6E00D236AB /* AppDelegate.swift in Sources */,
			);
			runOnlyForDeploymentPostprocessing = 0;
		};
		188FFEEF22B80C7300D236AB /* Sources */ = {
			isa = PBXSourcesBuildPhase;
			buildActionMask = 2147483647;
			files = (
				188FFEF822B80C7300D236AB /* git_practiceTests.swift in Sources */,
			);
			runOnlyForDeploymentPostprocessing = 0;
		};
		188FFEFA22B80C7300D236AB /* Sources */ = {
			isa = PBXSourcesBuildPhase;
			buildActionMask = 2147483647;
			files = (
				188FFF0322B80C7300D236AB /* git_practiceUITests.swift in Sources */,
			);
			runOnlyForDeploymentPostprocessing = 0;
		};
/* End PBXSourcesBuildPhase section */

/* Begin PBXTargetDependency section */
		188FFEF522B80C7300D236AB /* PBXTargetDependency */ = {
			isa = PBXTargetDependency;
			target = 188FFEDE22B80C6E00D236AB /* git-practice */;
			targetProxy = 188FFEF422B80C7300D236AB /* PBXContainerItemProxy */;
		};
		188FFF0022B80C7300D236AB /* PBXTargetDependency */ = {
			isa = PBXTargetDependency;
			target = 188FFEDE22B80C6E00D236AB /* git-practice */;
			targetProxy = 188FFEFF22B80C7300D236AB /* PBXContainerItemProxy */;
		};
/* End PBXTargetDependency section */

/* Begin PBXVariantGroup section */
		188FFEE622B80C6F00D236AB /* Main.storyboard */ = {
			isa = PBXVariantGroup;
			children = (
				188FFEE722B80C6F00D236AB /* Base */,
			);
			name = Main.storyboard;
			sourceTree = "<group>";
		};
		188FFEEB22B80C7300D236AB /* LaunchScreen.storyboard */ = {
			isa = PBXVariantGroup;
			children = (
				188FFEEC22B80C7300D236AB /* Base */,
			);
			name = LaunchScreen.storyboard;
			sourceTree = "<group>";
		};
/* End PBXVariantGroup section */

/* Begin XCBuildConfiguration section */
		188FFF0522B80C7300D236AB /* Debug */ = {
			isa = XCBuildConfiguration;
			buildSettings = {
				ALWAYS_SEARCH_USER_PATHS = NO;
				CLANG_ANALYZER_NONNULL = YES;
				CLANG_ANALYZER_NUMBER_OBJECT_CONVERSION = YES_AGGRESSIVE;
				CLANG_CXX_LANGUAGE_STANDARD = "gnu++14";
				CLANG_CXX_LIBRARY = "libc++";
				CLANG_ENABLE_MODULES = YES;
				CLANG_ENABLE_OBJC_ARC = YES;
				CLANG_ENABLE_OBJC_WEAK = YES;
				CLANG_WARN_BLOCK_CAPTURE_AUTORELEASING = YES;
				CLANG_WARN_BOOL_CONVERSION = YES;
				CLANG_WARN_COMMA = YES;
				CLANG_WARN_CONSTANT_CONVERSION = YES;
				CLANG_WARN_DEPRECATED_OBJC_IMPLEMENTATIONS = YES;
				CLANG_WARN_DIRECT_OBJC_ISA_USAGE = YES_ERROR;
				CLANG_WARN_DOCUMENTATION_COMMENTS = YES;
				CLANG_WARN_EMPTY_BODY = YES;
				CLANG_WARN_ENUM_CONVERSION = YES;
				CLANG_WARN_INFINITE_RECURSION = YES;
				CLANG_WARN_INT_CONVERSION = YES;
				CLANG_WARN_NON_LITERAL_NULL_CONVERSION = YES;
				CLANG_WARN_OBJC_IMPLICIT_RETAIN_SELF = YES;
				CLANG_WARN_OBJC_LITERAL_CONVERSION = YES;
				CLANG_WARN_OBJC_ROOT_CLASS = YES_ERROR;
				CLANG_WARN_RANGE_LOOP_ANALYSIS = YES;
				CLANG_WARN_STRICT_PROTOTYPES = YES;
				CLANG_WARN_SUSPICIOUS_MOVE = YES;
				CLANG_WARN_UNGUARDED_AVAILABILITY = YES_AGGRESSIVE;
				CLANG_WARN_UNREACHABLE_CODE = YES;
				CLANG_WARN__DUPLICATE_METHOD_MATCH = YES;
				CODE_SIGN_IDENTITY = "iPhone Developer";
				COPY_PHASE_STRIP = NO;
				DEBUG_INFORMATION_FORMAT = dwarf;
				ENABLE_STRICT_OBJC_MSGSEND = YES;
				ENABLE_TESTABILITY = YES;
				GCC_C_LANGUAGE_STANDARD = gnu11;
				GCC_DYNAMIC_NO_PIC = NO;
				GCC_NO_COMMON_BLOCKS = YES;
				GCC_OPTIMIZATION_LEVEL = 0;
				GCC_PREPROCESSOR_DEFINITIONS = (
					"DEBUG=1",
					"$(inherited)",
				);
				GCC_WARN_64_TO_32_BIT_CONVERSION = YES;
				GCC_WARN_ABOUT_RETURN_TYPE = YES_ERROR;
				GCC_WARN_UNDECLARED_SELECTOR = YES;
				GCC_WARN_UNINITIALIZED_AUTOS = YES_AGGRESSIVE;
				GCC_WARN_UNUSED_FUNCTION = YES;
				GCC_WARN_UNUSED_VARIABLE = YES;
				IPHONEOS_DEPLOYMENT_TARGET = 12.2;
				MTL_ENABLE_DEBUG_INFO = INCLUDE_SOURCE;
				MTL_FAST_MATH = YES;
				ONLY_ACTIVE_ARCH = YES;
				SDKROOT = iphoneos;
				SWIFT_ACTIVE_COMPILATION_CONDITIONS = DEBUG;
				SWIFT_OPTIMIZATION_LEVEL = "-Onone";
			};
			name = Debug;
		};
		188FFF0622B80C7300D236AB /* Release */ = {
			isa = XCBuildConfiguration;
			buildSettings = {
				ALWAYS_SEARCH_USER_PATHS = NO;
				CLANG_ANALYZER_NONNULL = YES;
				CLANG_ANALYZER_NUMBER_OBJECT_CONVERSION = YES_AGGRESSIVE;
				CLANG_CXX_LANGUAGE_STANDARD = "gnu++14";
				CLANG_CXX_LIBRARY = "libc++";
				CLANG_ENABLE_MODULES = YES;
				CLANG_ENABLE_OBJC_ARC = YES;
				CLANG_ENABLE_OBJC_WEAK = YES;
				CLANG_WARN_BLOCK_CAPTURE_AUTORELEASING = YES;
				CLANG_WARN_BOOL_CONVERSION = YES;
				CLANG_WARN_COMMA = YES;
				CLANG_WARN_CONSTANT_CONVERSION = YES;
				CLANG_WARN_DEPRECATED_OBJC_IMPLEMENTATIONS = YES;
				CLANG_WARN_DIRECT_OBJC_ISA_USAGE = YES_ERROR;
				CLANG_WARN_DOCUMENTATION_COMMENTS = YES;
				CLANG_WARN_EMPTY_BODY = YES;
				CLANG_WARN_ENUM_CONVERSION = YES;
				CLANG_WARN_INFINITE_RECURSION = YES;
				CLANG_WARN_INT_CONVERSION = YES;
				CLANG_WARN_NON_LITERAL_NULL_CONVERSION = YES;
				CLANG_WARN_OBJC_IMPLICIT_RETAIN_SELF = YES;
				CLANG_WARN_OBJC_LITERAL_CONVERSION = YES;
				CLANG_WARN_OBJC_ROOT_CLASS = YES_ERROR;
				CLANG_WARN_RANGE_LOOP_ANALYSIS = YES;
				CLANG_WARN_STRICT_PROTOTYPES = YES;
				CLANG_WARN_SUSPICIOUS_MOVE = YES;
				CLANG_WARN_UNGUARDED_AVAILABILITY = YES_AGGRESSIVE;
				CLANG_WARN_UNREACHABLE_CODE = YES;
				CLANG_WARN__DUPLICATE_METHOD_MATCH = YES;
				CODE_SIGN_IDENTITY = "iPhone Developer";
				COPY_PHASE_STRIP = NO;
				DEBUG_INFORMATION_FORMAT = "dwarf-with-dsym";
				ENABLE_NS_ASSERTIONS = NO;
				ENABLE_STRICT_OBJC_MSGSEND = YES;
				GCC_C_LANGUAGE_STANDARD = gnu11;
				GCC_NO_COMMON_BLOCKS = YES;
				GCC_WARN_64_TO_32_BIT_CONVERSION = YES;
				GCC_WARN_ABOUT_RETURN_TYPE = YES_ERROR;
				GCC_WARN_UNDECLARED_SELECTOR = YES;
				GCC_WARN_UNINITIALIZED_AUTOS = YES_AGGRESSIVE;
				GCC_WARN_UNUSED_FUNCTION = YES;
				GCC_WARN_UNUSED_VARIABLE = YES;
				IPHONEOS_DEPLOYMENT_TARGET = 12.2;
				MTL_ENABLE_DEBUG_INFO = NO;
				MTL_FAST_MATH = YES;
				SDKROOT = iphoneos;
				SWIFT_COMPILATION_MODE = wholemodule;
				SWIFT_OPTIMIZATION_LEVEL = "-O";
				VALIDATE_PRODUCT = YES;
			};
			name = Release;
		};
		188FFF0822B80C7300D236AB /* Debug */ = {
			isa = XCBuildConfiguration;
			buildSettings = {
				ASSETCATALOG_COMPILER_APPICON_NAME = AppIcon;
				CODE_SIGN_STYLE = Automatic;
				INFOPLIST_FILE = "git-practice/Info.plist";
				LD_RUNPATH_SEARCH_PATHS = (
					"$(inherited)",
					"@executable_path/Frameworks",
				);
				PRODUCT_BUNDLE_IDENTIFIER = "juliyaharnood.git-practice";
				PRODUCT_NAME = "$(TARGET_NAME)";
				SWIFT_VERSION = 5.0;
				TARGETED_DEVICE_FAMILY = "1,2";
			};
			name = Debug;
		};
		188FFF0922B80C7300D236AB /* Release */ = {
			isa = XCBuildConfiguration;
			buildSettings = {
				ASSETCATALOG_COMPILER_APPICON_NAME = AppIcon;
				CODE_SIGN_STYLE = Automatic;
				INFOPLIST_FILE = "git-practice/Info.plist";
				LD_RUNPATH_SEARCH_PATHS = (
					"$(inherited)",
					"@executable_path/Frameworks",
				);
				PRODUCT_BUNDLE_IDENTIFIER = "juliyaharnood.git-practice";
				PRODUCT_NAME = "$(TARGET_NAME)";
				SWIFT_VERSION = 5.0;
				TARGETED_DEVICE_FAMILY = "1,2";
			};
			name = Release;
		};
		188FFF0B22B80C7300D236AB /* Debug */ = {
			isa = XCBuildConfiguration;
			buildSettings = {
				ALWAYS_EMBED_SWIFT_STANDARD_LIBRARIES = YES;
				BUNDLE_LOADER = "$(TEST_HOST)";
				CODE_SIGN_STYLE = Automatic;
				INFOPLIST_FILE = "git-practiceTests/Info.plist";
				LD_RUNPATH_SEARCH_PATHS = (
					"$(inherited)",
					"@executable_path/Frameworks",
					"@loader_path/Frameworks",
				);
				PRODUCT_BUNDLE_IDENTIFIER = "juliyaharnood.git-practiceTests";
				PRODUCT_NAME = "$(TARGET_NAME)";
				SWIFT_VERSION = 5.0;
				TARGETED_DEVICE_FAMILY = "1,2";
				TEST_HOST = "$(BUILT_PRODUCTS_DIR)/git-practice.app/git-practice";
			};
			name = Debug;
		};
		188FFF0C22B80C7300D236AB /* Release */ = {
			isa = XCBuildConfiguration;
			buildSettings = {
				ALWAYS_EMBED_SWIFT_STANDARD_LIBRARIES = YES;
				BUNDLE_LOADER = "$(TEST_HOST)";
				CODE_SIGN_STYLE = Automatic;
				INFOPLIST_FILE = "git-practiceTests/Info.plist";
				LD_RUNPATH_SEARCH_PATHS = (
					"$(inherited)",
					"@executable_path/Frameworks",
					"@loader_path/Frameworks",
				);
				PRODUCT_BUNDLE_IDENTIFIER = "juliyaharnood.git-practiceTests";
				PRODUCT_NAME = "$(TARGET_NAME)";
				SWIFT_VERSION = 5.0;
				TARGETED_DEVICE_FAMILY = "1,2";
				TEST_HOST = "$(BUILT_PRODUCTS_DIR)/git-practice.app/git-practice";
			};
			name = Release;
		};
		188FFF0E22B80C7300D236AB /* Debug */ = {
			isa = XCBuildConfiguration;
			buildSettings = {
				ALWAYS_EMBED_SWIFT_STANDARD_LIBRARIES = YES;
				CODE_SIGN_STYLE = Automatic;
				INFOPLIST_FILE = "git-practiceUITests/Info.plist";
				LD_RUNPATH_SEARCH_PATHS = (
					"$(inherited)",
					"@executable_path/Frameworks",
					"@loader_path/Frameworks",
				);
				PRODUCT_BUNDLE_IDENTIFIER = "juliyaharnood.git-practiceUITests";
				PRODUCT_NAME = "$(TARGET_NAME)";
				SWIFT_VERSION = 5.0;
				TARGETED_DEVICE_FAMILY = "1,2";
				TEST_TARGET_NAME = "git-practice";
			};
			name = Debug;
		};
		188FFF0F22B80C7300D236AB /* Release */ = {
			isa = XCBuildConfiguration;
			buildSettings = {
				ALWAYS_EMBED_SWIFT_STANDARD_LIBRARIES = YES;
				CODE_SIGN_STYLE = Automatic;
				INFOPLIST_FILE = "git-practiceUITests/Info.plist";
				LD_RUNPATH_SEARCH_PATHS = (
					"$(inherited)",
					"@executable_path/Frameworks",
					"@loader_path/Frameworks",
				);
				PRODUCT_BUNDLE_IDENTIFIER = "juliyaharnood.git-practiceUITests";
				PRODUCT_NAME = "$(TARGET_NAME)";
				SWIFT_VERSION = 5.0;
				TARGETED_DEVICE_FAMILY = "1,2";
				TEST_TARGET_NAME = "git-practice";
			};
			name = Release;
		};
/* End XCBuildConfiguration section */

/* Begin XCConfigurationList section */
		188FFEDA22B80C6E00D236AB /* Build configuration list for PBXProject "git-practice" */ = {
			isa = XCConfigurationList;
			buildConfigurations = (
				188FFF0522B80C7300D236AB /* Debug */,
				188FFF0622B80C7300D236AB /* Release */,
			);
			defaultConfigurationIsVisible = 0;
			defaultConfigurationName = Release;
		};
		188FFF0722B80C7300D236AB /* Build configuration list for PBXNativeTarget "git-practice" */ = {
			isa = XCConfigurationList;
			buildConfigurations = (
				188FFF0822B80C7300D236AB /* Debug */,
				188FFF0922B80C7300D236AB /* Release */,
			);
			defaultConfigurationIsVisible = 0;
			defaultConfigurationName = Release;
		};
		188FFF0A22B80C7300D236AB /* Build configuration list for PBXNativeTarget "git-practiceTests" */ = {
			isa = XCConfigurationList;
			buildConfigurations = (
				188FFF0B22B80C7300D236AB /* Debug */,
				188FFF0C22B80C7300D236AB /* Release */,
			);
			defaultConfigurationIsVisible = 0;
			defaultConfigurationName = Release;
		};
		188FFF0D22B80C7300D236AB /* Build configuration list for PBXNativeTarget "git-practiceUITests" */ = {
			isa = XCConfigurationList;
			buildConfigurations = (
				188FFF0E22B80C7300D236AB /* Debug */,
				188FFF0F22B80C7300D236AB /* Release */,
			);
			defaultConfigurationIsVisible = 0;
			defaultConfigurationName = Release;
		};
/* End XCConfigurationList section */
	};
	rootObject = 188FFED722B80C6E00D236AB /* Project object */;
}
